
Microsoft Visual Studio Solution File, Format Version 12.00
# Visual Studio Version 17
VisualStudioVersion = 17.8.34322.80
MinimumVisualStudioVersion = 10.0.40219.1
Project("{FAE04EC0-301F-11D3-BF4B-00C04F79EFBC}") = "Supermarket", "Supermarket\Supermarket.csproj", "{CA46A242-69FF-4CC4-92C2-0211767019FD}"
EndProject
Global
	GlobalSection(SolutionConfigurationPlatforms) = preSolution
		Debug|Any CPU = Debug|Any CPU
		Release|Any CPU = Release|Any CPU
	EndGlobalSection
	GlobalSection(ProjectConfigurationPlatforms) = postSolution
		{CA46A242-69FF-4CC4-92C2-0211767019FD}.Debug|Any CPU.ActiveCfg = Debug|Any CPU
		{CA46A242-69FF-4CC4-92C2-0211767019FD}.Debug|Any CPU.Build.0 = Debug|Any CPU
		{CA46A242-69FF-4CC4-92C2-0211767019FD}.Release|Any CPU.ActiveCfg = Release|Any CPU
		{CA46A242-69FF-4CC4-92C2-0211767019FD}.Release|Any CPU.Build.0 = Release|Any CPU
	EndGlobalSection
	GlobalSection(SolutionProperties) = preSolution
		HideSolutionNode = FALSE
	EndGlobalSection
	GlobalSection(ExtensibilityGlobals) = postSolution
		SolutionGuid = {4A437F90-161F-41BE-9D3E-236A3014E156}
	EndGlobalSection
EndGlobal
